
Microsoft Visual Studio Solution File, Format Version 12.00
# Visual Studio Version 16
VisualStudioVersion = 16.0.30523.141
MinimumVisualStudioVersion = 10.0.40219.1
Project("{FAE04EC0-301F-11D3-BF4B-00C04F79EFBC}") = "candrea_anamaria_lab2", "candrea_anamaria_lab2.csproj", "{F786BED2-AE6E-456A-8297-E16C4E66A383}"
EndProject
Global
	GlobalSection(SolutionConfigurationPlatforms) = preSolution
		Debug|Any CPU = Debug|Any CPU
		Release|Any CPU = Release|Any CPU
	EndGlobalSection
	GlobalSection(ProjectConfigurationPlatforms) = postSolution
		{F786BED2-AE6E-456A-8297-E16C4E66A383}.Debug|Any CPU.ActiveCfg = Debug|Any CPU
		{F786BED2-AE6E-456A-8297-E16C4E66A383}.Debug|Any CPU.Build.0 = Debug|Any CPU
		{F786BED2-AE6E-456A-8297-E16C4E66A383}.Release|Any CPU.ActiveCfg = Release|Any CPU
		{F786BED2-AE6E-456A-8297-E16C4E66A383}.Release|Any CPU.Build.0 = Release|Any CPU
	EndGlobalSection
	GlobalSection(SolutionProperties) = preSolution
		HideSolutionNode = FALSE
	EndGlobalSection
	GlobalSection(ExtensibilityGlobals) = postSolution
		SolutionGuid = {70AB9C6E-FF2A-4C57-B534-4B467FE8AC35}
	EndGlobalSection
EndGlobal
